
Microsoft Visual Studio Solution File, Format Version 12.00
# Visual Studio Version 16
VisualStudioVersion = 16.0.28729.10
MinimumVisualStudioVersion = 10.0.40219.1
Project("{FAE04EC0-301F-11D3-BF4B-00C04F79EFBC}") = "01_Challenge_Console", "01_Challenge_Console\01_Challenge_Console.csproj", "{66CB37C0-4A32-4265-BDFE-15FE033E20BD}"
EndProject
Project("{FAE04EC0-301F-11D3-BF4B-00C04F79EFBC}") = "01_Challenge_Tests", "01_Challenge_Tests\01_Challenge_Tests.csproj", "{AFCE6B58-C164-4651-B9F4-D5F1DA88B4E6}"
EndProject
Project("{FAE04EC0-301F-11D3-BF4B-00C04F79EFBC}") = "01_Challenge_Repository", "01_Challenge_Repository\01_Challenge_Repository.csproj", "{7ACCA8E1-A29D-4378-9FFD-815A282A2CC8}"
EndProject
Project("{FAE04EC0-301F-11D3-BF4B-00C04F79EFBC}") = "02_Claims_Console", "02_Claims_Console\02_Claims_Console.csproj", "{531E5FFF-AA84-4837-BC25-0E688F0EEBEB}"
EndProject
Project("{FAE04EC0-301F-11D3-BF4B-00C04F79EFBC}") = "02_Claims_Tests", "02_Claims_Tests\02_Claims_Tests.csproj", "{516EB52D-3289-4FFE-A13A-F70F2DCF79E6}"
EndProject
Project("{FAE04EC0-301F-11D3-BF4B-00C04F79EFBC}") = "02_Claims_Repository", "02_Claims_Repository\02_Claims_Repository.csproj", "{6E2C2DEC-FE65-4580-B5B3-D656B9DD430C}"
EndProject
Project("{FAE04EC0-301F-11D3-BF4B-00C04F79EFBC}") = "03_Outing_Console", "03_Outing_Console\03_Outing_Console.csproj", "{C849A746-6AD7-4DF2-A531-4E0119E40EC0}"
EndProject
Project("{FAE04EC0-301F-11D3-BF4B-00C04F79EFBC}") = "03_Outing_Repository", "03_Outing_Repository\03_Outing_Repository.csproj", "{F4D0C3A1-5D05-4B48-9D07-E4954053BCAE}"
EndProject
Project("{FAE04EC0-301F-11D3-BF4B-00C04F79EFBC}") = "03_Outing_Tests", "03_Outing_Tests\03_Outing_Tests.csproj", "{364C340E-CD4D-44EC-AF0D-076BF3219EB0}"
EndProject
Project("{FAE04EC0-301F-11D3-BF4B-00C04F79EFBC}") = "05_Greet_Console", "05_Greet_Console\05_Greet_Console.csproj", "{A7D8CFDA-7681-46BE-8038-9233B256F484}"
EndProject
Project("{FAE04EC0-301F-11D3-BF4B-00C04F79EFBC}") = "05_Greet_Repository", "05_Greet_Repository\05_Greet_Repository.csproj", "{8E3162E5-265C-4178-AF29-93DCF569F413}"
EndProject
Project("{FAE04EC0-301F-11D3-BF4B-00C04F79EFBC}") = "05_Greet_Tests", "05_Greet_Tests\05_Greet_Tests.csproj", "{0C1C2F61-A6B1-47D9-A79E-FCFFAC731B4B}"
EndProject
Global
	GlobalSection(SolutionConfigurationPlatforms) = preSolution
		Debug|Any CPU = Debug|Any CPU
		Release|Any CPU = Release|Any CPU
	EndGlobalSection
	GlobalSection(ProjectConfigurationPlatforms) = postSolution
		{66CB37C0-4A32-4265-BDFE-15FE033E20BD}.Debug|Any CPU.ActiveCfg = Debug|Any CPU
		{66CB37C0-4A32-4265-BDFE-15FE033E20BD}.Debug|Any CPU.Build.0 = Debug|Any CPU
		{66CB37C0-4A32-4265-BDFE-15FE033E20BD}.Release|Any CPU.ActiveCfg = Release|Any CPU
		{66CB37C0-4A32-4265-BDFE-15FE033E20BD}.Release|Any CPU.Build.0 = Release|Any CPU
		{AFCE6B58-C164-4651-B9F4-D5F1DA88B4E6}.Debug|Any CPU.ActiveCfg = Debug|Any CPU
		{AFCE6B58-C164-4651-B9F4-D5F1DA88B4E6}.Debug|Any CPU.Build.0 = Debug|Any CPU
		{AFCE6B58-C164-4651-B9F4-D5F1DA88B4E6}.Release|Any CPU.ActiveCfg = Release|Any CPU
		{AFCE6B58-C164-4651-B9F4-D5F1DA88B4E6}.Release|Any CPU.Build.0 = Release|Any CPU
		{7ACCA8E1-A29D-4378-9FFD-815A282A2CC8}.Debug|Any CPU.ActiveCfg = Debug|Any CPU
		{7ACCA8E1-A29D-4378-9FFD-815A282A2CC8}.Debug|Any CPU.Build.0 = Debug|Any CPU
		{7ACCA8E1-A29D-4378-9FFD-815A282A2CC8}.Release|Any CPU.ActiveCfg = Release|Any CPU
		{7ACCA8E1-A29D-4378-9FFD-815A282A2CC8}.Release|Any CPU.Build.0 = Release|Any CPU
		{531E5FFF-AA84-4837-BC25-0E688F0EEBEB}.Debug|Any CPU.ActiveCfg = Debug|Any CPU
		{531E5FFF-AA84-4837-BC25-0E688F0EEBEB}.Debug|Any CPU.Build.0 = Debug|Any CPU
		{531E5FFF-AA84-4837-BC25-0E688F0EEBEB}.Release|Any CPU.ActiveCfg = Release|Any CPU
		{531E5FFF-AA84-4837-BC25-0E688F0EEBEB}.Release|Any CPU.Build.0 = Release|Any CPU
		{516EB52D-3289-4FFE-A13A-F70F2DCF79E6}.Debug|Any CPU.ActiveCfg = Debug|Any CPU
		{516EB52D-3289-4FFE-A13A-F70F2DCF79E6}.Debug|Any CPU.Build.0 = Debug|Any CPU
		{516EB52D-3289-4FFE-A13A-F70F2DCF79E6}.Release|Any CPU.ActiveCfg = Release|Any CPU
		{516EB52D-3289-4FFE-A13A-F70F2DCF79E6}.Release|Any CPU.Build.0 = Release|Any CPU
		{6E2C2DEC-FE65-4580-B5B3-D656B9DD430C}.Debug|Any CPU.ActiveCfg = Debug|Any CPU
		{6E2C2DEC-FE65-4580-B5B3-D656B9DD430C}.Debug|Any CPU.Build.0 = Debug|Any CPU
		{6E2C2DEC-FE65-4580-B5B3-D656B9DD430C}.Release|Any CPU.ActiveCfg = Release|Any CPU
		{6E2C2DEC-FE65-4580-B5B3-D656B9DD430C}.Release|Any CPU.Build.0 = Release|Any CPU
		{C849A746-6AD7-4DF2-A531-4E0119E40EC0}.Debug|Any CPU.ActiveCfg = Debug|Any CPU
		{C849A746-6AD7-4DF2-A531-4E0119E40EC0}.Debug|Any CPU.Build.0 = Debug|Any CPU
		{C849A746-6AD7-4DF2-A531-4E0119E40EC0}.Release|Any CPU.ActiveCfg = Release|Any CPU
		{C849A746-6AD7-4DF2-A531-4E0119E40EC0}.Release|Any CPU.Build.0 = Release|Any CPU
		{F4D0C3A1-5D05-4B48-9D07-E4954053BCAE}.Debug|Any CPU.ActiveCfg = Debug|Any CPU
		{F4D0C3A1-5D05-4B48-9D07-E4954053BCAE}.Debug|Any CPU.Build.0 = Debug|Any CPU
		{F4D0C3A1-5D05-4B48-9D07-E4954053BCAE}.Release|Any CPU.ActiveCfg = Release|Any CPU
		{F4D0C3A1-5D05-4B48-9D07-E4954053BCAE}.Release|Any CPU.Build.0 = Release|Any CPU
		{364C340E-CD4D-44EC-AF0D-076BF3219EB0}.Debug|Any CPU.ActiveCfg = Debug|Any CPU
		{364C340E-CD4D-44EC-AF0D-076BF3219EB0}.Debug|Any CPU.Build.0 = Debug|Any CPU
		{364C340E-CD4D-44EC-AF0D-076BF3219EB0}.Release|Any CPU.ActiveCfg = Release|Any CPU
		{364C340E-CD4D-44EC-AF0D-076BF3219EB0}.Release|Any CPU.Build.0 = Release|Any CPU
		{A7D8CFDA-7681-46BE-8038-9233B256F484}.Debug|Any CPU.ActiveCfg = Debug|Any CPU
		{A7D8CFDA-7681-46BE-8038-9233B256F484}.Debug|Any CPU.Build.0 = Debug|Any CPU
		{A7D8CFDA-7681-46BE-8038-9233B256F484}.Release|Any CPU.ActiveCfg = Release|Any CPU
		{A7D8CFDA-7681-46BE-8038-9233B256F484}.Release|Any CPU.Build.0 = Release|Any CPU
		{8E3162E5-265C-4178-AF29-93DCF569F413}.Debug|Any CPU.ActiveCfg = Debug|Any CPU
		{8E3162E5-265C-4178-AF29-93DCF569F413}.Debug|Any CPU.Build.0 = Debug|Any CPU
		{8E3162E5-265C-4178-AF29-93DCF569F413}.Release|Any CPU.ActiveCfg = Release|Any CPU
		{8E3162E5-265C-4178-AF29-93DCF569F413}.Release|Any CPU.Build.0 = Release|Any CPU
		{0C1C2F61-A6B1-47D9-A79E-FCFFAC731B4B}.Debug|Any CPU.ActiveCfg = Debug|Any CPU
		{0C1C2F61-A6B1-47D9-A79E-FCFFAC731B4B}.Debug|Any CPU.Build.0 = Debug|Any CPU
		{0C1C2F61-A6B1-47D9-A79E-FCFFAC731B4B}.Release|Any CPU.ActiveCfg = Release|Any CPU
		{0C1C2F61-A6B1-47D9-A79E-FCFFAC731B4B}.Release|Any CPU.Build.0 = Release|Any CPU
	EndGlobalSection
	GlobalSection(SolutionProperties) = preSolution
		HideSolutionNode = FALSE
	EndGlobalSection
	GlobalSection(ExtensibilityGlobals) = postSolution
		SolutionGuid = {A4A8899C-F3BD-46AF-B62A-FB9F12ADEB77}
	EndGlobalSection
EndGlobal
